
Microsoft Visual Studio Solution File, Format Version 12.00
# Visual Studio Version 17
VisualStudioVersion = 17.8.34316.72
MinimumVisualStudioVersion = 10.0.40219.1
Project("{9A19103F-16F7-4668-BE54-9A1E7A4F7556}") = "RobinsonNewsLetterApp", "RobinsonNewsLetterApp.csproj", "{59000F17-63D9-405C-B371-C3C1C720B9E1}"
EndProject
Project("{9A19103F-16F7-4668-BE54-9A1E7A4F7556}") = "RobinsonNewsletter.Core", "..\RobinsonNewsletter.Core\RobinsonNewsletter.Core.csproj", "{305CA041-1C46-4681-AA51-DD4A65B255CD}"
EndProject
Global
	GlobalSection(SolutionConfigurationPlatforms) = preSolution
		Debug|Any CPU = Debug|Any CPU
		Release|Any CPU = Release|Any CPU
	EndGlobalSection
	GlobalSection(ProjectConfigurationPlatforms) = postSolution
		{59000F17-63D9-405C-B371-C3C1C720B9E1}.Debug|Any CPU.ActiveCfg = Debug|Any CPU
		{59000F17-63D9-405C-B371-C3C1C720B9E1}.Debug|Any CPU.Build.0 = Debug|Any CPU
		{59000F17-63D9-405C-B371-C3C1C720B9E1}.Release|Any CPU.ActiveCfg = Release|Any CPU
		{59000F17-63D9-405C-B371-C3C1C720B9E1}.Release|Any CPU.Build.0 = Release|Any CPU
		{305CA041-1C46-4681-AA51-DD4A65B255CD}.Debug|Any CPU.ActiveCfg = Debug|Any CPU
		{305CA041-1C46-4681-AA51-DD4A65B255CD}.Debug|Any CPU.Build.0 = Debug|Any CPU
		{305CA041-1C46-4681-AA51-DD4A65B255CD}.Release|Any CPU.ActiveCfg = Release|Any CPU
		{305CA041-1C46-4681-AA51-DD4A65B255CD}.Release|Any CPU.Build.0 = Release|Any CPU
	EndGlobalSection
	GlobalSection(SolutionProperties) = preSolution
		HideSolutionNode = FALSE
	EndGlobalSection
	GlobalSection(ExtensibilityGlobals) = postSolution
		SolutionGuid = {B7E86972-328C-4DCD-A8D0-097C42090E6F}
	EndGlobalSection
EndGlobal
